
Microsoft Visual Studio Solution File, Format Version 12.00
# Visual Studio Version 16
VisualStudioVersion = 16.0.28803.352
MinimumVisualStudioVersion = 10.0.40219.1
Project("{FAE04EC0-301F-11D3-BF4B-00C04F79EFBC}") = "CounterLog", "CounterLog\CounterLog.csproj", "{86B79D79-9001-4EAF-BED5-EF3935880CA3}"
EndProject
Global
	GlobalSection(SolutionConfigurationPlatforms) = preSolution
		Debug|Any CPU = Debug|Any CPU
		Release|Any CPU = Release|Any CPU
	EndGlobalSection
	GlobalSection(ProjectConfigurationPlatforms) = postSolution
		{86B79D79-9001-4EAF-BED5-EF3935880CA3}.Debug|Any CPU.ActiveCfg = Debug|Any CPU
		{86B79D79-9001-4EAF-BED5-EF3935880CA3}.Debug|Any CPU.Build.0 = Debug|Any CPU
		{86B79D79-9001-4EAF-BED5-EF3935880CA3}.Release|Any CPU.ActiveCfg = Release|Any CPU
		{86B79D79-9001-4EAF-BED5-EF3935880CA3}.Release|Any CPU.Build.0 = Release|Any CPU
	EndGlobalSection
	GlobalSection(SolutionProperties) = preSolution
		HideSolutionNode = FALSE
	EndGlobalSection
	GlobalSection(ExtensibilityGlobals) = postSolution
		SolutionGuid = {6D866A3F-94D6-4B5A-BEC2-0321B245B505}
	EndGlobalSection
EndGlobal
